
Microsoft Visual Studio Solution File, Format Version 12.00
# Visual Studio 15
VisualStudioVersion = 15.0.27130.2027
MinimumVisualStudioVersion = 10.0.40219.1
Project("{9A19103F-16F7-4668-BE54-9A1E7A4F7556}") = "GettingStarted.Writing", "GettingStarted.Writing\GettingStarted.Writing.csproj", "{A8AF2012-5739-494B-B32F-3AFCDC721E91}"
EndProject
Project("{9A19103F-16F7-4668-BE54-9A1E7A4F7556}") = "GettingStarted.Cursors", "GettingStarted.Cursors\GettingStarted.Cursors.csproj", "{15FD1B96-5707-48C9-83CA-4972AF3F41E7}"
EndProject
Project("{9A19103F-16F7-4668-BE54-9A1E7A4F7556}") = "GettingStarted.SecondaryDatabases", "GettingStarted.SecondaryDatabases\GettingStarted.SecondaryDatabases.csproj", "{BEDFE97F-2B94-494E-9B28-7AFD1D7EA9CF}"
EndProject
Project("{9A19103F-16F7-4668-BE54-9A1E7A4F7556}") = "GettingStarted.Access.Hash", "GettingStarted.Access.Hash\GettingStarted.Access.Hash.csproj", "{2C0B9EA5-0E03-492F-B6D8-4CA04CE9AFBE}"
EndProject
Project("{FAE04EC0-301F-11D3-BF4B-00C04F79EFBC}") = "GettingStarted.Access.Heap", "GettingStarted.Access.Heap\GettingStarted.Access.Heap.csproj", "{A2A081A5-7872-42CA-A0B8-CC6EFBE93EBC}"
EndProject
Global
	GlobalSection(SolutionConfigurationPlatforms) = preSolution
		Debug|Any CPU = Debug|Any CPU
		Debug|x64 = Debug|x64
		Debug|x86 = Debug|x86
		Release|Any CPU = Release|Any CPU
		Release|x64 = Release|x64
		Release|x86 = Release|x86
	EndGlobalSection
	GlobalSection(ProjectConfigurationPlatforms) = postSolution
		{A8AF2012-5739-494B-B32F-3AFCDC721E91}.Debug|Any CPU.ActiveCfg = Debug|x64
		{A8AF2012-5739-494B-B32F-3AFCDC721E91}.Debug|Any CPU.Build.0 = Debug|x64
		{A8AF2012-5739-494B-B32F-3AFCDC721E91}.Debug|x64.ActiveCfg = Debug|x64
		{A8AF2012-5739-494B-B32F-3AFCDC721E91}.Debug|x64.Build.0 = Debug|x64
		{A8AF2012-5739-494B-B32F-3AFCDC721E91}.Debug|x86.ActiveCfg = Debug|x86
		{A8AF2012-5739-494B-B32F-3AFCDC721E91}.Debug|x86.Build.0 = Debug|x86
		{A8AF2012-5739-494B-B32F-3AFCDC721E91}.Release|Any CPU.ActiveCfg = Release|Any CPU
		{A8AF2012-5739-494B-B32F-3AFCDC721E91}.Release|Any CPU.Build.0 = Release|Any CPU
		{A8AF2012-5739-494B-B32F-3AFCDC721E91}.Release|x64.ActiveCfg = Release|x64
		{A8AF2012-5739-494B-B32F-3AFCDC721E91}.Release|x64.Build.0 = Release|x64
		{A8AF2012-5739-494B-B32F-3AFCDC721E91}.Release|x86.ActiveCfg = Release|x86
		{A8AF2012-5739-494B-B32F-3AFCDC721E91}.Release|x86.Build.0 = Release|x86
		{15FD1B96-5707-48C9-83CA-4972AF3F41E7}.Debug|Any CPU.ActiveCfg = Debug|Any CPU
		{15FD1B96-5707-48C9-83CA-4972AF3F41E7}.Debug|Any CPU.Build.0 = Debug|Any CPU
		{15FD1B96-5707-48C9-83CA-4972AF3F41E7}.Debug|x64.ActiveCfg = Debug|Any CPU
		{15FD1B96-5707-48C9-83CA-4972AF3F41E7}.Debug|x64.Build.0 = Debug|Any CPU
		{15FD1B96-5707-48C9-83CA-4972AF3F41E7}.Debug|x86.ActiveCfg = Debug|Any CPU
		{15FD1B96-5707-48C9-83CA-4972AF3F41E7}.Debug|x86.Build.0 = Debug|Any CPU
		{15FD1B96-5707-48C9-83CA-4972AF3F41E7}.Release|Any CPU.ActiveCfg = Release|Any CPU
		{15FD1B96-5707-48C9-83CA-4972AF3F41E7}.Release|Any CPU.Build.0 = Release|Any CPU
		{15FD1B96-5707-48C9-83CA-4972AF3F41E7}.Release|x64.ActiveCfg = Release|Any CPU
		{15FD1B96-5707-48C9-83CA-4972AF3F41E7}.Release|x64.Build.0 = Release|Any CPU
		{15FD1B96-5707-48C9-83CA-4972AF3F41E7}.Release|x86.ActiveCfg = Release|Any CPU
		{15FD1B96-5707-48C9-83CA-4972AF3F41E7}.Release|x86.Build.0 = Release|Any CPU
		{BEDFE97F-2B94-494E-9B28-7AFD1D7EA9CF}.Debug|Any CPU.ActiveCfg = Debug|Any CPU
		{BEDFE97F-2B94-494E-9B28-7AFD1D7EA9CF}.Debug|Any CPU.Build.0 = Debug|Any CPU
		{BEDFE97F-2B94-494E-9B28-7AFD1D7EA9CF}.Debug|x64.ActiveCfg = Debug|Any CPU
		{BEDFE97F-2B94-494E-9B28-7AFD1D7EA9CF}.Debug|x64.Build.0 = Debug|Any CPU
		{BEDFE97F-2B94-494E-9B28-7AFD1D7EA9CF}.Debug|x86.ActiveCfg = Debug|Any CPU
		{BEDFE97F-2B94-494E-9B28-7AFD1D7EA9CF}.Debug|x86.Build.0 = Debug|Any CPU
		{BEDFE97F-2B94-494E-9B28-7AFD1D7EA9CF}.Release|Any CPU.ActiveCfg = Release|Any CPU
		{BEDFE97F-2B94-494E-9B28-7AFD1D7EA9CF}.Release|Any CPU.Build.0 = Release|Any CPU
		{BEDFE97F-2B94-494E-9B28-7AFD1D7EA9CF}.Release|x64.ActiveCfg = Release|Any CPU
		{BEDFE97F-2B94-494E-9B28-7AFD1D7EA9CF}.Release|x64.Build.0 = Release|Any CPU
		{BEDFE97F-2B94-494E-9B28-7AFD1D7EA9CF}.Release|x86.ActiveCfg = Release|Any CPU
		{BEDFE97F-2B94-494E-9B28-7AFD1D7EA9CF}.Release|x86.Build.0 = Release|Any CPU
		{2C0B9EA5-0E03-492F-B6D8-4CA04CE9AFBE}.Debug|Any CPU.ActiveCfg = Debug|Any CPU
		{2C0B9EA5-0E03-492F-B6D8-4CA04CE9AFBE}.Debug|Any CPU.Build.0 = Debug|Any CPU
		{2C0B9EA5-0E03-492F-B6D8-4CA04CE9AFBE}.Debug|x64.ActiveCfg = Debug|Any CPU
		{2C0B9EA5-0E03-492F-B6D8-4CA04CE9AFBE}.Debug|x64.Build.0 = Debug|Any CPU
		{2C0B9EA5-0E03-492F-B6D8-4CA04CE9AFBE}.Debug|x86.ActiveCfg = Debug|Any CPU
		{2C0B9EA5-0E03-492F-B6D8-4CA04CE9AFBE}.Debug|x86.Build.0 = Debug|Any CPU
		{2C0B9EA5-0E03-492F-B6D8-4CA04CE9AFBE}.Release|Any CPU.ActiveCfg = Release|Any CPU
		{2C0B9EA5-0E03-492F-B6D8-4CA04CE9AFBE}.Release|Any CPU.Build.0 = Release|Any CPU
		{2C0B9EA5-0E03-492F-B6D8-4CA04CE9AFBE}.Release|x64.ActiveCfg = Release|Any CPU
		{2C0B9EA5-0E03-492F-B6D8-4CA04CE9AFBE}.Release|x64.Build.0 = Release|Any CPU
		{2C0B9EA5-0E03-492F-B6D8-4CA04CE9AFBE}.Release|x86.ActiveCfg = Release|Any CPU
		{2C0B9EA5-0E03-492F-B6D8-4CA04CE9AFBE}.Release|x86.Build.0 = Release|Any CPU
		{A2A081A5-7872-42CA-A0B8-CC6EFBE93EBC}.Debug|Any CPU.ActiveCfg = Debug|Any CPU
		{A2A081A5-7872-42CA-A0B8-CC6EFBE93EBC}.Debug|Any CPU.Build.0 = Debug|Any CPU
		{A2A081A5-7872-42CA-A0B8-CC6EFBE93EBC}.Debug|x64.ActiveCfg = Debug|Any CPU
		{A2A081A5-7872-42CA-A0B8-CC6EFBE93EBC}.Debug|x64.Build.0 = Debug|Any CPU
		{A2A081A5-7872-42CA-A0B8-CC6EFBE93EBC}.Debug|x86.ActiveCfg = Debug|Any CPU
		{A2A081A5-7872-42CA-A0B8-CC6EFBE93EBC}.Debug|x86.Build.0 = Debug|Any CPU
		{A2A081A5-7872-42CA-A0B8-CC6EFBE93EBC}.Release|Any CPU.ActiveCfg = Release|Any CPU
		{A2A081A5-7872-42CA-A0B8-CC6EFBE93EBC}.Release|Any CPU.Build.0 = Release|Any CPU
		{A2A081A5-7872-42CA-A0B8-CC6EFBE93EBC}.Release|x64.ActiveCfg = Release|Any CPU
		{A2A081A5-7872-42CA-A0B8-CC6EFBE93EBC}.Release|x64.Build.0 = Release|Any CPU
		{A2A081A5-7872-42CA-A0B8-CC6EFBE93EBC}.Release|x86.ActiveCfg = Release|Any CPU
		{A2A081A5-7872-42CA-A0B8-CC6EFBE93EBC}.Release|x86.Build.0 = Release|Any CPU
	EndGlobalSection
	GlobalSection(SolutionProperties) = preSolution
		HideSolutionNode = FALSE
	EndGlobalSection
	GlobalSection(ExtensibilityGlobals) = postSolution
		SolutionGuid = {CE4951A1-B4C8-4637-A62D-4E1F5183ACFB}
	EndGlobalSection
EndGlobal
